
Microsoft Visual Studio Solution File, Format Version 12.00
# Visual Studio Version 17
VisualStudioVersion = 17.9.34622.214
MinimumVisualStudioVersion = 10.0.40219.1
Project("{FAE04EC0-301F-11D3-BF4B-00C04F79EFBC}") = "Brush_Tool", "Brush_Tool.csproj", "{927CE165-DB50-4299-A9B8-0FC69B5C8765}"
EndProject
Global
	GlobalSection(SolutionConfigurationPlatforms) = preSolution
		Debug|Any CPU = Debug|Any CPU
		Release|Any CPU = Release|Any CPU
	EndGlobalSection
	GlobalSection(ProjectConfigurationPlatforms) = postSolution
		{927CE165-DB50-4299-A9B8-0FC69B5C8765}.Debug|Any CPU.ActiveCfg = Debug|Any CPU
		{927CE165-DB50-4299-A9B8-0FC69B5C8765}.Debug|Any CPU.Build.0 = Debug|Any CPU
		{927CE165-DB50-4299-A9B8-0FC69B5C8765}.Release|Any CPU.ActiveCfg = Release|Any CPU
		{927CE165-DB50-4299-A9B8-0FC69B5C8765}.Release|Any CPU.Build.0 = Release|Any CPU
	EndGlobalSection
	GlobalSection(SolutionProperties) = preSolution
		HideSolutionNode = FALSE
	EndGlobalSection
	GlobalSection(ExtensibilityGlobals) = postSolution
		SolutionGuid = {38069E8F-B0FF-4F04-A207-CF9B48CFE85A}
	EndGlobalSection
EndGlobal
